
Microsoft Visual Studio Solution File, Format Version 12.00
# Visual Studio 15
VisualStudioVersion = 15.0.28307.902
MinimumVisualStudioVersion = 10.0.40219.1
Project("{F2A71F9B-5D33-465A-A702-920D77279786}") = "MathProblems", "MathProblems\MathProblems.fsproj", "{3FE3CB9E-A298-4907-A680-041AD69CAE2C}"
EndProject
Global
	GlobalSection(SolutionConfigurationPlatforms) = preSolution
		Debug|Any CPU = Debug|Any CPU
		Release|Any CPU = Release|Any CPU
	EndGlobalSection
	GlobalSection(ProjectConfigurationPlatforms) = postSolution
		{3FE3CB9E-A298-4907-A680-041AD69CAE2C}.Debug|Any CPU.ActiveCfg = Debug|Any CPU
		{3FE3CB9E-A298-4907-A680-041AD69CAE2C}.Debug|Any CPU.Build.0 = Debug|Any CPU
		{3FE3CB9E-A298-4907-A680-041AD69CAE2C}.Release|Any CPU.ActiveCfg = Release|Any CPU
		{3FE3CB9E-A298-4907-A680-041AD69CAE2C}.Release|Any CPU.Build.0 = Release|Any CPU
	EndGlobalSection
	GlobalSection(SolutionProperties) = preSolution
		HideSolutionNode = FALSE
	EndGlobalSection
	GlobalSection(ExtensibilityGlobals) = postSolution
		SolutionGuid = {02A30BF2-4A8C-4CEC-AACD-E5CC88F0B8D1}
	EndGlobalSection
EndGlobal
